{
  "name": "fynvo-frontend",
  "version": "1.24.2",
  "lockfileVersion": 3,
  "requires": true,
  "packages": {
    "": {
      "name": "fynvo-frontend",
      "version": "1.24.2",
      "dependencies": {
        "@vitejs/plugin-react": "latest",
        "react": "latest",
        "react-dom": "latest",
        "typescript": "latest",
        "vite": "latest"
      },
      "devDependencies": {}
    },
    "node_modules/@oxc-project/types": {
      "version": "0.148.0",
      "resolved": "https://registry.npmjs.org/@oxc-project/types/-/types-0.148.0.tgz",
      "integrity": "sha512-Nm4s/jB+4FpFsPhWGEC4b8zLQuOziRgkCS1fxDCXOlJB/6Q8oABOZ/OP6RIPj9A==",
      "license": "MIT"
    }
  }
}
