{
  "name": "fynvo-frontend",
  "version": "1.24.2",
  "lockfileVersion": 3,
  "requires": true,
  "packages": {
    "": {
      "name": "fynvo-frontend",
      "version": "1.24.2",
      "dependencies": {
        "@vitejs/plugin-react": "latest",
        "react": "latest",
        "react-dom": "latest",
        "typescript": "latest",
        "vite": "latest"
      },
      "devDependencies": {}
    }
  }
}
